// !$*UTF8*$!
{
	archiveVersion = 1;
	classes = {
	};
	objectVersion = 50;
	objects = {

/* Begin PBXBuildFile section */
		EE1CB979227519F9001458D5 /* SatPrepViewController.swift in Sources */ = {isa = PBXBuildFile; fileRef = EE1CB978227519F9001458D5 /* SatPrepViewController.swift */; };
		EE7EFDE8227239FF008E4E0B /* MathematicsViewController.swift in Sources */ = {isa = PBXBuildFile; fileRef = EE7EFDE7227239FF008E4E0B /* MathematicsViewController.swift */; };
		EE7EFDEB22723ED6008E4E0B /* EnglishViewController.swift in Sources */ = {isa = PBXBuildFile; fileRef = EE7EFDEA22723ED6008E4E0B /* EnglishViewController.swift */; };
		EE7EFDED22723FEB008E4E0B /* ScienceViewController.swift in Sources */ = {isa = PBXBuildFile; fileRef = EE7EFDEC22723FEB008E4E0B /* ScienceViewController.swift */; };
		EE7EFDEF227240AE008E4E0B /* HistorySocialScienceViewController.swift in Sources */ = {isa = PBXBuildFile; fileRef = EE7EFDEE227240AE008E4E0B /* HistorySocialScienceViewController.swift */; };
		EE7EFDF122724181008E4E0B /* ForeignLanguageViewController.swift in Sources */ = {isa = PBXBuildFile; fileRef = EE7EFDF022724181008E4E0B /* ForeignLanguageViewController.swift */; };
		EE7EFDF3227241D7008E4E0B /* ComputerScienceViewController.swift in Sources */ = {isa = PBXBuildFile; fileRef = EE7EFDF2227241D7008E4E0B /* ComputerScienceViewController.swift */; };
		EE9FAE292270D3C80046591B /* SearchViewController.swift in Sources */ = {isa = PBXBuildFile; fileRef = EE9FAE282270D3C80046591B /* SearchViewController.swift */; };
		EEA7CDB922690CED00A58353 /* MessagingViewController.swift in Sources */ = {isa = PBXBuildFile; fileRef = EEA7CDB822690CED00A58353 /* MessagingViewController.swift */; };
		EEA7CDBB22690CFD00A58353 /* AccountViewController.swift in Sources */ = {isa = PBXBuildFile; fileRef = EEA7CDBA22690CFD00A58353 /* AccountViewController.swift */; };
		EEC4179A226FA83700128E3A /* CalendarView.swift in Sources */ = {isa = PBXBuildFile; fileRef = EEC41799226FA83700128E3A /* CalendarView.swift */; };
		EEC4179C226FA84B00128E3A /* MonthView.swift in Sources */ = {isa = PBXBuildFile; fileRef = EEC4179B226FA84B00128E3A /* MonthView.swift */; };
		EEC4179E226FA86000128E3A /* WeekdaysView.swift in Sources */ = {isa = PBXBuildFile; fileRef = EEC4179D226FA86000128E3A /* WeekdaysView.swift */; };
		EED07B03225DB8BF007EC678 /* AppDelegate.swift in Sources */ = {isa = PBXBuildFile; fileRef = EED07B02225DB8BF007EC678 /* AppDelegate.swift */; };
		EED07B05225DB8BF007EC678 /* CalendarViewController.swift in Sources */ = {isa = PBXBuildFile; fileRef = EED07B04225DB8BF007EC678 /* CalendarViewController.swift */; };
		EED07B08225DB8BF007EC678 /* Main.storyboard in Resources */ = {isa = PBXBuildFile; fileRef = EED07B06225DB8BF007EC678 /* Main.storyboard */; };
		EED07B0A225DB8C3007EC678 /* Assets.xcassets in Resources */ = {isa = PBXBuildFile; fileRef = EED07B09225DB8C3007EC678 /* Assets.xcassets */; };
		EED07B0D225DB8C3007EC678 /* LaunchScreen.storyboard in Resources */ = {isa = PBXBuildFile; fileRef = EED07B0B225DB8C3007EC678 /* LaunchScreen.storyboard */; };
/* End PBXBuildFile section */

/* Begin PBXFileReference section */
		EE1CB978227519F9001458D5 /* SatPrepViewController.swift */ = {isa = PBXFileReference; lastKnownFileType = sourcecode.swift; path = SatPrepViewController.swift; sourceTree = "<group>"; };
		EE7EFDE7227239FF008E4E0B /* MathematicsViewController.swift */ = {isa = PBXFileReference; lastKnownFileType = sourcecode.swift; path = MathematicsViewController.swift; sourceTree = "<group>"; };
		EE7EFDEA22723ED6008E4E0B /* EnglishViewController.swift */ = {isa = PBXFileReference; lastKnownFileType = sourcecode.swift; path = EnglishViewController.swift; sourceTree = "<group>"; };
		EE7EFDEC22723FEB008E4E0B /* ScienceViewController.swift */ = {isa = PBXFileReference; lastKnownFileType = sourcecode.swift; path = ScienceViewController.swift; sourceTree = "<group>"; };
		EE7EFDEE227240AE008E4E0B /* HistorySocialScienceViewController.swift */ = {isa = PBXFileReference; lastKnownFileType = sourcecode.swift; path = HistorySocialScienceViewController.swift; sourceTree = "<group>"; };
		EE7EFDF022724181008E4E0B /* ForeignLanguageViewController.swift */ = {isa = PBXFileReference; lastKnownFileType = sourcecode.swift; path = ForeignLanguageViewController.swift; sourceTree = "<group>"; };
		EE7EFDF2227241D7008E4E0B /* ComputerScienceViewController.swift */ = {isa = PBXFileReference; lastKnownFileType = sourcecode.swift; path = ComputerScienceViewController.swift; sourceTree = "<group>"; };
		EE9FAE282270D3C80046591B /* SearchViewController.swift */ = {isa = PBXFileReference; lastKnownFileType = sourcecode.swift; path = SearchViewController.swift; sourceTree = "<group>"; };
		EEA7CDB822690CED00A58353 /* MessagingViewController.swift */ = {isa = PBXFileReference; lastKnownFileType = sourcecode.swift; path = MessagingViewController.swift; sourceTree = "<group>"; };
		EEA7CDBA22690CFD00A58353 /* AccountViewController.swift */ = {isa = PBXFileReference; lastKnownFileType = sourcecode.swift; path = AccountViewController.swift; sourceTree = "<group>"; };
		EEC41799226FA83700128E3A /* CalendarView.swift */ = {isa = PBXFileReference; lastKnownFileType = sourcecode.swift; path = CalendarView.swift; sourceTree = "<group>"; };
		EEC4179B226FA84B00128E3A /* MonthView.swift */ = {isa = PBXFileReference; lastKnownFileType = sourcecode.swift; path = MonthView.swift; sourceTree = "<group>"; };
		EEC4179D226FA86000128E3A /* WeekdaysView.swift */ = {isa = PBXFileReference; lastKnownFileType = sourcecode.swift; path = WeekdaysView.swift; sourceTree = "<group>"; };
		EED07AFF225DB8BF007EC678 /* YouthPrep.app */ = {isa = PBXFileReference; explicitFileType = wrapper.application; includeInIndex = 0; path = YouthPrep.app; sourceTree = BUILT_PRODUCTS_DIR; };
		EED07B02225DB8BF007EC678 /* AppDelegate.swift */ = {isa = PBXFileReference; lastKnownFileType = sourcecode.swift; path = AppDelegate.swift; sourceTree = "<group>"; };
		EED07B04225DB8BF007EC678 /* CalendarViewController.swift */ = {isa = PBXFileReference; lastKnownFileType = sourcecode.swift; path = CalendarViewController.swift; sourceTree = "<group>"; };
		EED07B07225DB8BF007EC678 /* Base */ = {isa = PBXFileReference; lastKnownFileType = file.storyboard; name = Base; path = Base.lproj/Main.storyboard; sourceTree = "<group>"; };
		EED07B09225DB8C3007EC678 /* Assets.xcassets */ = {isa = PBXFileReference; lastKnownFileType = folder.assetcatalog; path = Assets.xcassets; sourceTree = "<group>"; };
		EED07B0C225DB8C3007EC678 /* Base */ = {isa = PBXFileReference; lastKnownFileType = file.storyboard; name = Base; path = Base.lproj/LaunchScreen.storyboard; sourceTree = "<group>"; };
		EED07B0E225DB8C3007EC678 /* Info.plist */ = {isa = PBXFileReference; lastKnownFileType = text.plist.xml; path = Info.plist; sourceTree = "<group>"; };
/* End PBXFileReference section */

/* Begin PBXFrameworksBuildPhase section */
		EED07AFC225DB8BF007EC678 /* Frameworks */ = {
			isa = PBXFrameworksBuildPhase;
			buildActionMask = 2147483647;
			files = (
			);
			runOnlyForDeploymentPostprocessing = 0;
		};
/* End PBXFrameworksBuildPhase section */

/* Begin PBXGroup section */
		EE1CB9772275193B001458D5 /* CalendarClasses */ = {
			isa = PBXGroup;
			children = (
				EEC41799226FA83700128E3A /* CalendarView.swift */,
				EEC4179B226FA84B00128E3A /* MonthView.swift */,
				EEC4179D226FA86000128E3A /* WeekdaysView.swift */,
			);
			path = CalendarClasses;
			sourceTree = "<group>";
		};
		EE7EFDE922723AD0008E4E0B /* SubjectViewControllers */ = {
			isa = PBXGroup;
			children = (
				EED07B04225DB8BF007EC678 /* CalendarViewController.swift */,
				EE1CB978227519F9001458D5 /* SatPrepViewController.swift */,
				EE7EFDF2227241D7008E4E0B /* ComputerScienceViewController.swift */,
				EE7EFDF022724181008E4E0B /* ForeignLanguageViewController.swift */,
				EE7EFDEC22723FEB008E4E0B /* ScienceViewController.swift */,
				EE7EFDEA22723ED6008E4E0B /* EnglishViewController.swift */,
				EE7EFDE7227239FF008E4E0B /* MathematicsViewController.swift */,
				EE7EFDEE227240AE008E4E0B /* HistorySocialScienceViewController.swift */,
			);
			path = SubjectViewControllers;
			sourceTree = "<group>";
		};
		EED07AF6225DB8BF007EC678 = {
			isa = PBXGroup;
			children = (
				EED07B01225DB8BF007EC678 /* YouthPrep */,
				EED07B00225DB8BF007EC678 /* Products */,
			);
			sourceTree = "<group>";
		};
		EED07B00225DB8BF007EC678 /* Products */ = {
			isa = PBXGroup;
			children = (
				EED07AFF225DB8BF007EC678 /* YouthPrep.app */,
			);
			name = Products;
			sourceTree = "<group>";
		};
		EED07B01225DB8BF007EC678 /* YouthPrep */ = {
			isa = PBXGroup;
			children = (
				EED07B06225DB8BF007EC678 /* Main.storyboard */,
				EE1CB9772275193B001458D5 /* CalendarClasses */,
				EE7EFDE922723AD0008E4E0B /* SubjectViewControllers */,
				EE9FAE282270D3C80046591B /* SearchViewController.swift */,
				EEA7CDBA22690CFD00A58353 /* AccountViewController.swift */,
				EEA7CDB822690CED00A58353 /* MessagingViewController.swift */,
				EED07B09225DB8C3007EC678 /* Assets.xcassets */,
				EED07B02225DB8BF007EC678 /* AppDelegate.swift */,
				EED07B0B225DB8C3007EC678 /* LaunchScreen.storyboard */,
				EED07B0E225DB8C3007EC678 /* Info.plist */,
			);
			path = YouthPrep;
			sourceTree = "<group>";
		};
/* End PBXGroup section */

/* Begin PBXNativeTarget section */
		EED07AFE225DB8BF007EC678 /* YouthPrep */ = {
			isa = PBXNativeTarget;
			buildConfigurationList = EED07B11225DB8C3007EC678 /* Build configuration list for PBXNativeTarget "YouthPrep" */;
			buildPhases = (
				EED07AFB225DB8BF007EC678 /* Sources */,
				EED07AFC225DB8BF007EC678 /* Frameworks */,
				EED07AFD225DB8BF007EC678 /* Resources */,
			);
			buildRules = (
			);
			dependencies = (
			);
			name = YouthPrep;
			productName = YouthPrep;
			productReference = EED07AFF225DB8BF007EC678 /* YouthPrep.app */;
			productType = "com.apple.product-type.application";
		};
/* End PBXNativeTarget section */

/* Begin PBXProject section */
		EED07AF7225DB8BF007EC678 /* Project object */ = {
			isa = PBXProject;
			attributes = {
				LastSwiftUpdateCheck = 1010;
				LastUpgradeCheck = 1010;
				ORGANIZATIONNAME = YouthPrepCo;
				TargetAttributes = {
					EED07AFE225DB8BF007EC678 = {
						CreatedOnToolsVersion = 10.1;
					};
				};
			};
			buildConfigurationList = EED07AFA225DB8BF007EC678 /* Build configuration list for PBXProject "YouthPrep" */;
			compatibilityVersion = "Xcode 9.3";
			developmentRegion = en;
			hasScannedForEncodings = 0;
			knownRegions = (
				en,
				Base,
			);
			mainGroup = EED07AF6225DB8BF007EC678;
			productRefGroup = EED07B00225DB8BF007EC678 /* Products */;
			projectDirPath = "";
			projectRoot = "";
			targets = (
				EED07AFE225DB8BF007EC678 /* YouthPrep */,
			);
		};
/* End PBXProject section */

/* Begin PBXResourcesBuildPhase section */
		EED07AFD225DB8BF007EC678 /* Resources */ = {
			isa = PBXResourcesBuildPhase;
			buildActionMask = 2147483647;
			files = (
				EED07B0D225DB8C3007EC678 /* LaunchScreen.storyboard in Resources */,
				EED07B0A225DB8C3007EC678 /* Assets.xcassets in Resources */,
				EED07B08225DB8BF007EC678 /* Main.storyboard in Resources */,
			);
			runOnlyForDeploymentPostprocessing = 0;
		};
/* End PBXResourcesBuildPhase section */

/* Begin PBXSourcesBuildPhase section */
		EED07AFB225DB8BF007EC678 /* Sources */ = {
			isa = PBXSourcesBuildPhase;
			buildActionMask = 2147483647;
			files = (
				EEA7CDBB22690CFD00A58353 /* AccountViewController.swift in Sources */,
				EEC4179A226FA83700128E3A /* CalendarView.swift in Sources */,
				EE9FAE292270D3C80046591B /* SearchViewController.swift in Sources */,
				EE7EFDF122724181008E4E0B /* ForeignLanguageViewController.swift in Sources */,
				EEA7CDB922690CED00A58353 /* MessagingViewController.swift in Sources */,
				EED07B05225DB8BF007EC678 /* CalendarViewController.swift in Sources */,
				EE7EFDE8227239FF008E4E0B /* MathematicsViewController.swift in Sources */,
				EE7EFDED22723FEB008E4E0B /* ScienceViewController.swift in Sources */,
				EEC4179E226FA86000128E3A /* WeekdaysView.swift in Sources */,
				EE7EFDEF227240AE008E4E0B /* HistorySocialScienceViewController.swift in Sources */,
				EE7EFDEB22723ED6008E4E0B /* EnglishViewController.swift in Sources */,
				EED07B03225DB8BF007EC678 /* AppDelegate.swift in Sources */,
				EE7EFDF3227241D7008E4E0B /* ComputerScienceViewController.swift in Sources */,
				EEC4179C226FA84B00128E3A /* MonthView.swift in Sources */,
				EE1CB979227519F9001458D5 /* SatPrepViewController.swift in Sources */,
			);
			runOnlyForDeploymentPostprocessing = 0;
		};
/* End PBXSourcesBuildPhase section */

/* Begin PBXVariantGroup section */
		EED07B06225DB8BF007EC678 /* Main.storyboard */ = {
			isa = PBXVariantGroup;
			children = (
				EED07B07225DB8BF007EC678 /* Base */,
			);
			name = Main.storyboard;
			sourceTree = "<group>";
		};
		EED07B0B225DB8C3007EC678 /* LaunchScreen.storyboard */ = {
			isa = PBXVariantGroup;
			children = (
				EED07B0C225DB8C3007EC678 /* Base */,
			);
			name = LaunchScreen.storyboard;
			sourceTree = "<group>";
		};
/* End PBXVariantGroup section */

/* Begin XCBuildConfiguration section */
		EED07B0F225DB8C3007EC678 /* Debug */ = {
			isa = XCBuildConfiguration;
			buildSettings = {
				ALWAYS_SEARCH_USER_PATHS = NO;
				CLANG_ANALYZER_NONNULL = YES;
				CLANG_ANALYZER_NUMBER_OBJECT_CONVERSION = YES_AGGRESSIVE;
				CLANG_CXX_LANGUAGE_STANDARD = "gnu++14";
				CLANG_CXX_LIBRARY = "libc++";
				CLANG_ENABLE_MODULES = YES;
				CLANG_ENABLE_OBJC_ARC = YES;
				CLANG_ENABLE_OBJC_WEAK = YES;
				CLANG_WARN_BLOCK_CAPTURE_AUTORELEASING = YES;
				CLANG_WARN_BOOL_CONVERSION = YES;
				CLANG_WARN_COMMA = YES;
				CLANG_WARN_CONSTANT_CONVERSION = YES;
				CLANG_WARN_DEPRECATED_OBJC_IMPLEMENTATIONS = YES;
				CLANG_WARN_DIRECT_OBJC_ISA_USAGE = YES_ERROR;
				CLANG_WARN_DOCUMENTATION_COMMENTS = YES;
				CLANG_WARN_EMPTY_BODY = YES;
				CLANG_WARN_ENUM_CONVERSION = YES;
				CLANG_WARN_INFINITE_RECURSION = YES;
				CLANG_WARN_INT_CONVERSION = YES;
				CLANG_WARN_NON_LITERAL_NULL_CONVERSION = YES;
				CLANG_WARN_OBJC_IMPLICIT_RETAIN_SELF = YES;
				CLANG_WARN_OBJC_LITERAL_CONVERSION = YES;
				CLANG_WARN_OBJC_ROOT_CLASS = YES_ERROR;
				CLANG_WARN_RANGE_LOOP_ANALYSIS = YES;
				CLANG_WARN_STRICT_PROTOTYPES = YES;
				CLANG_WARN_SUSPICIOUS_MOVE = YES;
				CLANG_WARN_UNGUARDED_AVAILABILITY = YES_AGGRESSIVE;
				CLANG_WARN_UNREACHABLE_CODE = YES;
				CLANG_WARN__DUPLICATE_METHOD_MATCH = YES;
				CODE_SIGN_IDENTITY = "iPhone Developer";
				COPY_PHASE_STRIP = NO;
				DEBUG_INFORMATION_FORMAT = dwarf;
				ENABLE_STRICT_OBJC_MSGSEND = YES;
				ENABLE_TESTABILITY = YES;
				GCC_C_LANGUAGE_STANDARD = gnu11;
				GCC_DYNAMIC_NO_PIC = NO;
				GCC_NO_COMMON_BLOCKS = YES;
				GCC_OPTIMIZATION_LEVEL = 0;
				GCC_PREPROCESSOR_DEFINITIONS = (
					"DEBUG=1",
					"$(inherited)",
				);
				GCC_WARN_64_TO_32_BIT_CONVERSION = YES;
				GCC_WARN_ABOUT_RETURN_TYPE = YES_ERROR;
				GCC_WARN_UNDECLARED_SELECTOR = YES;
				GCC_WARN_UNINITIALIZED_AUTOS = YES_AGGRESSIVE;
				GCC_WARN_UNUSED_FUNCTION = YES;
				GCC_WARN_UNUSED_VARIABLE = YES;
				IPHONEOS_DEPLOYMENT_TARGET = 12.1;
				MTL_ENABLE_DEBUG_INFO = INCLUDE_SOURCE;
				MTL_FAST_MATH = YES;
				ONLY_ACTIVE_ARCH = YES;
				SDKROOT = iphoneos;
				SWIFT_ACTIVE_COMPILATION_CONDITIONS = DEBUG;
				SWIFT_OPTIMIZATION_LEVEL = "-Onone";
			};
			name = Debug;
		};
		EED07B10225DB8C3007EC678 /* Release */ = {
			isa = XCBuildConfiguration;
			buildSettings = {
				ALWAYS_SEARCH_USER_PATHS = NO;
				CLANG_ANALYZER_NONNULL = YES;
				CLANG_ANALYZER_NUMBER_OBJECT_CONVERSION = YES_AGGRESSIVE;
				CLANG_CXX_LANGUAGE_STANDARD = "gnu++14";
				CLANG_CXX_LIBRARY = "libc++";
				CLANG_ENABLE_MODULES = YES;
				CLANG_ENABLE_OBJC_ARC = YES;
				CLANG_ENABLE_OBJC_WEAK = YES;
				CLANG_WARN_BLOCK_CAPTURE_AUTORELEASING = YES;
				CLANG_WARN_BOOL_CONVERSION = YES;
				CLANG_WARN_COMMA = YES;
				CLANG_WARN_CONSTANT_CONVERSION = YES;
				CLANG_WARN_DEPRECATED_OBJC_IMPLEMENTATIONS = YES;
				CLANG_WARN_DIRECT_OBJC_ISA_USAGE = YES_ERROR;
				CLANG_WARN_DOCUMENTATION_COMMENTS = YES;
				CLANG_WARN_EMPTY_BODY = YES;
				CLANG_WARN_ENUM_CONVERSION = YES;
				CLANG_WARN_INFINITE_RECURSION = YES;
				CLANG_WARN_INT_CONVERSION = YES;
				CLANG_WARN_NON_LITERAL_NULL_CONVERSION = YES;
				CLANG_WARN_OBJC_IMPLICIT_RETAIN_SELF = YES;
				CLANG_WARN_OBJC_LITERAL_CONVERSION = YES;
				CLANG_WARN_OBJC_ROOT_CLASS = YES_ERROR;
				CLANG_WARN_RANGE_LOOP_ANALYSIS = YES;
				CLANG_WARN_STRICT_PROTOTYPES = YES;
				CLANG_WARN_SUSPICIOUS_MOVE = YES;
				CLANG_WARN_UNGUARDED_AVAILABILITY = YES_AGGRESSIVE;
				CLANG_WARN_UNREACHABLE_CODE = YES;
				CLANG_WARN__DUPLICATE_METHOD_MATCH = YES;
				CODE_SIGN_IDENTITY = "iPhone Developer";
				COPY_PHASE_STRIP = NO;
				DEBUG_INFORMATION_FORMAT = "dwarf-with-dsym";
				ENABLE_NS_ASSERTIONS = NO;
				ENABLE_STRICT_OBJC_MSGSEND = YES;
				GCC_C_LANGUAGE_STANDARD = gnu11;
				GCC_NO_COMMON_BLOCKS = YES;
				GCC_WARN_64_TO_32_BIT_CONVERSION = YES;
				GCC_WARN_ABOUT_RETURN_TYPE = YES_ERROR;
				GCC_WARN_UNDECLARED_SELECTOR = YES;
				GCC_WARN_UNINITIALIZED_AUTOS = YES_AGGRESSIVE;
				GCC_WARN_UNUSED_FUNCTION = YES;
				GCC_WARN_UNUSED_VARIABLE = YES;
				IPHONEOS_DEPLOYMENT_TARGET = 12.1;
				MTL_ENABLE_DEBUG_INFO = NO;
				MTL_FAST_MATH = YES;
				SDKROOT = iphoneos;
				SWIFT_COMPILATION_MODE = wholemodule;
				SWIFT_OPTIMIZATION_LEVEL = "-O";
				VALIDATE_PRODUCT = YES;
			};
			name = Release;
		};
		EED07B12225DB8C3007EC678 /* Debug */ = {
			isa = XCBuildConfiguration;
			buildSettings = {
				ASSETCATALOG_COMPILER_APPICON_NAME = AppIcon;
				CODE_SIGN_STYLE = Automatic;
				DEVELOPMENT_TEAM = 5A69C4VMY4;
				INFOPLIST_FILE = YouthPrep/Info.plist;
				LD_RUNPATH_SEARCH_PATHS = (
					"$(inherited)",
					"@executable_path/Frameworks",
				);
				PRODUCT_BUNDLE_IDENTIFIER = YouthPrepLabs.YouthPrep;
				PRODUCT_NAME = "$(TARGET_NAME)";
				SWIFT_VERSION = 4.2;
				TARGETED_DEVICE_FAMILY = "1,2";
			};
			name = Debug;
		};
		EED07B13225DB8C3007EC678 /* Release */ = {
			isa = XCBuildConfiguration;
			buildSettings = {
				ASSETCATALOG_COMPILER_APPICON_NAME = AppIcon;
				CODE_SIGN_STYLE = Automatic;
				DEVELOPMENT_TEAM = 5A69C4VMY4;
				INFOPLIST_FILE = YouthPrep/Info.plist;
				LD_RUNPATH_SEARCH_PATHS = (
					"$(inherited)",
					"@executable_path/Frameworks",
				);
				PRODUCT_BUNDLE_IDENTIFIER = YouthPrepLabs.YouthPrep;
				PRODUCT_NAME = "$(TARGET_NAME)";
				SWIFT_VERSION = 4.2;
				TARGETED_DEVICE_FAMILY = "1,2";
			};
			name = Release;
		};
/* End XCBuildConfiguration section */

/* Begin XCConfigurationList section */
		EED07AFA225DB8BF007EC678 /* Build configuration list for PBXProject "YouthPrep" */ = {
			isa = XCConfigurationList;
			buildConfigurations = (
				EED07B0F225DB8C3007EC678 /* Debug */,
				EED07B10225DB8C3007EC678 /* Release */,
			);
			defaultConfigurationIsVisible = 0;
			defaultConfigurationName = Release;
		};
		EED07B11225DB8C3007EC678 /* Build configuration list for PBXNativeTarget "YouthPrep" */ = {
			isa = XCConfigurationList;
			buildConfigurations = (
				EED07B12225DB8C3007EC678 /* Debug */,
				EED07B13225DB8C3007EC678 /* Release */,
			);
			defaultConfigurationIsVisible = 0;
			defaultConfigurationName = Release;
		};
/* End XCConfigurationList section */
	};
	rootObject = EED07AF7225DB8BF007EC678 /* Project object */;
}
